# THIS IS AN AUTOGENERATED FILE. DO NOT EDIT THIS FILE DIRECTLY.
# yarn lockfile v1


"@ethereumjs/common@^3.2.0":
  version "3.2.0"
  resolved "https://registry.yarnpkg.com/@ethereumjs/common/-/common-3.2.0.tgz#b71df25845caf5456449163012074a55f048e0a0"
  integrity sha512-pksvzI0VyLgmuEF2FA/JR/4/y6hcPq8OUail3/AvycBaW1d5VSauOZzqGvJ3RTmR4MU35lWE8KseKOsEhrFRBA==
  dependencies:
    "@ethereumjs/util" "^8.1.0"
    crc-32 "^1.2.0"

"@ethereumjs/rlp@^4.0.1":
  version "4.0.1"
  resolved "https://registry.yarnpkg.com/@ethereumjs/rlp/-/rlp-4.0.1.tgz#626fabfd9081baab3d0a3074b0c7ecaf674aaa41"
  integrity sha512-tqsQiBQDQdmPWE1xkkBq4rlSW5QZpLOUJ5RJh2/9fug+q9tnUhuZoVLk7s0scUIKTOzEtR72DFBXI4WiZcMpvw==

"@ethereumjs/tx@^4.2.0":
  version "4.2.0"
  resolved "https://registry.yarnpkg.com/@ethereumjs/tx/-/tx-4.2.0.tgz#5988ae15daf5a3b3c815493bc6b495e76009e853"
  integrity sha512-1nc6VO4jtFd172BbSnTnDQVr9IYBFl1y4xPzZdtkrkKIncBCkdbgfdRV+MiTkJYAtTxvV12GRZLqBFT1PNK6Yw==
  dependencies:
    "@ethereumjs/common" "^3.2.0"
    "@ethereumjs/rlp" "^4.0.1"
    "@ethereumjs/util" "^8.1.0"
    ethereum-cryptography "^2.0.0"

"@ethereumjs/util@^8.1.0":
  version "8.1.0"
  resolved "https://registry.yarnpkg.com/@ethereumjs/util/-/util-8.1.0.tgz#299df97fb6b034e0577ce9f94c7d9d1004409ed4"
  integrity sha512-zQ0IqbdX8FZ9aw11vP+dZkKDkS+kgIvQPHnSAXzP9pLu+Rfu3D3XEeLbicvoXJTYnhZiPmsZUxgdzXwNKxRPbA==
  dependencies:
    "@ethereumjs/rlp" "^4.0.1"
    ethereum-cryptography "^2.0.0"
    micro-ftch "^0.3.1"

"@metamask/abi-utils@^2.0.4":
  version "2.0.4"
  resolved "https://registry.yarnpkg.com/@metamask/abi-utils/-/abi-utils-2.0.4.tgz#20908c1d910f7a17a89fdf5778a5c59d5cb8b8be"
  integrity sha512-StnIgUB75x7a7AgUhiaUZDpCsqGp7VkNnZh2XivXkJ6mPkE83U8ARGQj5MbRis7VJY8BC5V1AbB1fjdh0hupPQ==
  dependencies:
    "@metamask/superstruct" "^3.1.0"
    "@metamask/utils" "^9.0.0"

"@metamask/superstruct@^3.1.0":
  version "3.1.0"
  resolved "https://registry.yarnpkg.com/@metamask/superstruct/-/superstruct-3.1.0.tgz#148f786a674fba3ac885c1093ab718515bf7f648"
  integrity sha512-N08M56HdOgBfRKkrgCMZvQppkZGcArEop3kixNEtVbJKm6P9Cfg0YkI6X0s1g78sNrj2fWUwvJADdZuzJgFttA==

"@metamask/utils@^9.0.0":
  version "9.3.0"
  resolved "https://registry.yarnpkg.com/@metamask/utils/-/utils-9.3.0.tgz#4726bd7f5d6a43ea8425b6d663ab9207f617c2d1"
  integrity sha512-w8CVbdkDrVXFJbfBSlDfafDR6BAkpDmv1bC1UJVCoVny5tW2RKAdn9i68Xf7asYT4TnUhl/hN4zfUiKQq9II4g==
  dependencies:
    "@ethereumjs/tx" "^4.2.0"
    "@metamask/superstruct" "^3.1.0"
    "@noble/hashes" "^1.3.1"
    "@scure/base" "^1.1.3"
    "@types/debug" "^4.1.7"
    debug "^4.3.4"
    pony-cause "^2.1.10"
    semver "^7.5.4"
    uuid "^9.0.1"

"@noble/ciphers@1.2.1":
  version "1.2.1"
  resolved "https://registry.yarnpkg.com/@noble/ciphers/-/ciphers-1.2.1.tgz#3812b72c057a28b44ff0ad4aff5ca846e5b9cdc9"
  integrity sha512-rONPWMC7PeExE077uLE4oqWrZ1IvAfz3oH9LibVAcVCopJiA9R62uavnbEzdkVmJYI6M6Zgkbeb07+tWjlq2XA==

"@noble/curves@1.4.2", "@noble/curves@~1.4.0":
  version "1.4.2"
  resolved "https://registry.yarnpkg.com/@noble/curves/-/curves-1.4.2.tgz#40309198c76ed71bc6dbf7ba24e81ceb4d0d1fe9"
  integrity sha512-TavHr8qycMChk8UwMld0ZDRvatedkzWfH8IiaeGCfymOP5i0hSCozz9vHOL0nkwk7HRMlFnAiKpS2jrUmSybcw==
  dependencies:
    "@noble/hashes" "1.4.0"

"@noble/curves@1.8.1", "@noble/curves@~1.8.1":
  version "1.8.1"
  resolved "https://registry.yarnpkg.com/@noble/curves/-/curves-1.8.1.tgz#19bc3970e205c99e4bdb1c64a4785706bce497ff"
  integrity sha512-warwspo+UYUPep0Q+vtdVB4Ugn8GGQj8iyB3gnRWsztmUHTI3S1nhdiWNsPUGL0vud7JlRRk1XEu7Lq1KGTnMQ==
  dependencies:
    "@noble/hashes" "1.7.1"

"@noble/hashes@1.4.0", "@noble/hashes@~1.4.0":
  version "1.4.0"
  resolved "https://registry.yarnpkg.com/@noble/hashes/-/hashes-1.4.0.tgz#45814aa329f30e4fe0ba49426f49dfccdd066426"
  integrity sha512-V1JJ1WTRUqHHrOSh597hURcMqVKVGL/ea3kv0gSnEdsEZ0/+VyPghM1lMNGc00z7CIQorSvbKpuJkxvuHbvdbg==

"@noble/hashes@1.7.1", "@noble/hashes@^1.3.1", "@noble/hashes@~1.7.1":
  version "1.7.1"
  resolved "https://registry.yarnpkg.com/@noble/hashes/-/hashes-1.7.1.tgz#5738f6d765710921e7a751e00c20ae091ed8db0f"
  integrity sha512-B8XBPsn4vT/KJAGqDzbwztd+6Yte3P4V7iafm24bxgDe/mlRuK6xmWPuCNrKt2vDafZ8MfJLlchDG/vYafQEjQ==

"@openzeppelin/merkle-tree@^1.0.0":
  version "1.0.8"
  resolved "https://registry.yarnpkg.com/@openzeppelin/merkle-tree/-/merkle-tree-1.0.8.tgz#31ea9cdc09de37315c32650a9772db1352dcdcd8"
  integrity sha512-E2c9/Y3vjZXwVvPZKqCKUn7upnvam1P1ZhowJyZVQSkzZm5WhumtaRr+wkUXrZVfkIc7Gfrl7xzabElqDL09ow==
  dependencies:
    "@metamask/abi-utils" "^2.0.4"
    ethereum-cryptography "^3.0.0"

"@scure/base@^1.1.3", "@scure/base@~1.2.2", "@scure/base@~1.2.4":
  version "1.2.4"
  resolved "https://registry.yarnpkg.com/@scure/base/-/base-1.2.4.tgz#002eb571a35d69bdb4c214d0995dff76a8dcd2a9"
  integrity sha512-5Yy9czTO47mqz+/J8GM6GIId4umdCk1wc1q8rKERQulIoc8VP9pzDcghv10Tl2E7R96ZUx/PhND3ESYUQX8NuQ==

"@scure/base@~1.1.6":
  version "1.1.9"
  resolved "https://registry.yarnpkg.com/@scure/base/-/base-1.1.9.tgz#e5e142fbbfe251091f9c5f1dd4c834ac04c3dbd1"
  integrity sha512-8YKhl8GHiNI/pU2VMaofa2Tor7PJRAjwQLBBuilkJ9L5+13yVbC7JO/wS7piioAvPSwR3JKM1IJ/u4xQzbcXKg==

"@scure/bip32@1.4.0":
  version "1.4.0"
  resolved "https://registry.yarnpkg.com/@scure/bip32/-/bip32-1.4.0.tgz#4e1f1e196abedcef395b33b9674a042524e20d67"
  integrity sha512-sVUpc0Vq3tXCkDGYVWGIZTRfnvu8LoTDaev7vbwh0omSvVORONr960MQWdKqJDCReIEmTj3PAr73O3aoxz7OPg==
  dependencies:
    "@noble/curves" "~1.4.0"
    "@noble/hashes" "~1.4.0"
    "@scure/base" "~1.1.6"

"@scure/bip32@1.6.2":
  version "1.6.2"
  resolved "https://registry.yarnpkg.com/@scure/bip32/-/bip32-1.6.2.tgz#093caa94961619927659ed0e711a6e4bf35bffd0"
  integrity sha512-t96EPDMbtGgtb7onKKqxRLfE5g05k7uHnHRM2xdE6BP/ZmxaLtPek4J4KfVn/90IQNrU1IOAqMgiDtUdtbe3nw==
  dependencies:
    "@noble/curves" "~1.8.1"
    "@noble/hashes" "~1.7.1"
    "@scure/base" "~1.2.2"

"@scure/bip39@1.3.0":
  version "1.3.0"
  resolved "https://registry.yarnpkg.com/@scure/bip39/-/bip39-1.3.0.tgz#0f258c16823ddd00739461ac31398b4e7d6a18c3"
  integrity sha512-disdg7gHuTDZtY+ZdkmLpPCk7fxZSu3gBiEGuoC1XYxv9cGx3Z6cpTggCgW6odSOOIXCiDjuGejW+aJKCY/pIQ==
  dependencies:
    "@noble/hashes" "~1.4.0"
    "@scure/base" "~1.1.6"

"@scure/bip39@1.5.4":
  version "1.5.4"
  resolved "https://registry.yarnpkg.com/@scure/bip39/-/bip39-1.5.4.tgz#07fd920423aa671be4540d59bdd344cc1461db51"
  integrity sha512-TFM4ni0vKvCfBpohoh+/lY05i9gRbSwXWngAsF4CABQxoaOHijxuaZ2R6cStDQ5CHtHO9aGJTr4ksVJASRRyMA==
  dependencies:
    "@noble/hashes" "~1.7.1"
    "@scure/base" "~1.2.4"

"@types/debug@^4.1.7":
  version "4.1.12"
  resolved "https://registry.yarnpkg.com/@types/debug/-/debug-4.1.12.tgz#a155f21690871953410df4b6b6f53187f0500917"
  integrity sha512-vIChWdVG3LG1SMxEvI/AK+FWJthlrqlTu7fbrlywTkkaONwk/UAGaULXRlf8vkzFBLVm0zkMdCquhL5aOjhXPQ==
  dependencies:
    "@types/ms" "*"

"@types/ms@*":
  version "2.1.0"
  resolved "https://registry.yarnpkg.com/@types/ms/-/ms-2.1.0.tgz#052aa67a48eccc4309d7f0191b7e41434b90bb78"
  integrity sha512-GsCCIZDE/p3i96vtEqx+7dBUGXrc7zeSK3wwPHIaRThS+9OhWIXRqzs4d6k1SVU8g91DrNRWxWUGhp5KXQb2VA==

crc-32@^1.2.0:
  version "1.2.2"
  resolved "https://registry.yarnpkg.com/crc-32/-/crc-32-1.2.2.tgz#3cad35a934b8bf71f25ca524b6da51fb7eace2ff"
  integrity sha512-ROmzCKrTnOwybPcJApAA6WBWij23HVfGVNKqqrZpuyZOHqK2CwHSvpGuyt/UNNvaIjEd8X5IFGp4Mh+Ie1IHJQ==

debug@^4.3.4:
  version "4.4.0"
  resolved "https://registry.yarnpkg.com/debug/-/debug-4.4.0.tgz#2b3f2aea2ffeb776477460267377dc8710faba8a"
  integrity sha512-6WTZ/IxCY/T6BALoZHaE4ctp9xm+Z5kY/pzYaCHRFeyVhojxlrm+46y68HA6hr0TcwEssoxNiDEUJQjfPZ/RYA==
  dependencies:
    ms "^2.1.3"

ethereum-cryptography@^2.0.0:
  version "2.2.1"
  resolved "https://registry.yarnpkg.com/ethereum-cryptography/-/ethereum-cryptography-2.2.1.tgz#58f2810f8e020aecb97de8c8c76147600b0b8ccf"
  integrity sha512-r/W8lkHSiTLxUxW8Rf3u4HGB0xQweG2RyETjywylKZSzLWoWAijRz8WCuOtJ6wah+avllXBqZuk29HCCvhEIRg==
  dependencies:
    "@noble/curves" "1.4.2"
    "@noble/hashes" "1.4.0"
    "@scure/bip32" "1.4.0"
    "@scure/bip39" "1.3.0"

ethereum-cryptography@^3.0.0:
  version "3.1.0"
  resolved "https://registry.yarnpkg.com/ethereum-cryptography/-/ethereum-cryptography-3.1.0.tgz#0fa6dbc3cdd2927c87b9c018ff42616c4eec3f64"
  integrity sha512-ZqHd92eOIH9RExpBUOgzpAgflyFv9/+Ca39G8V+oCjJPGjJUihQcG/Gl67I/Xn2HGS87dgnrCG3kb1jNClLi6g==
  dependencies:
    "@noble/ciphers" "1.2.1"
    "@noble/curves" "1.8.1"
    "@noble/hashes" "1.7.1"
    "@scure/bip32" "1.6.2"
    "@scure/bip39" "1.5.4"

micro-ftch@^0.3.1:
  version "0.3.1"
  resolved "https://registry.yarnpkg.com/micro-ftch/-/micro-ftch-0.3.1.tgz#6cb83388de4c1f279a034fb0cf96dfc050853c5f"
  integrity sha512-/0LLxhzP0tfiR5hcQebtudP56gUurs2CLkGarnCiB/OqEyUFQ6U3paQi/tgLv0hBJYt2rnr9MNpxz4fiiugstg==

ms@^2.1.3:
  version "2.1.3"
  resolved "https://registry.yarnpkg.com/ms/-/ms-2.1.3.tgz#574c8138ce1d2b5861f0b44579dbadd60c6615b2"
  integrity sha512-6FlzubTLZG3J2a/NVCAleEhjzq5oxgHyaCU9yYXvcLsvoVaHJq/s5xXI6/XXP6tz7R9xAOtHnSO/tXtF3WRTlA==

pony-cause@^2.1.10:
  version "2.1.11"
  resolved "https://registry.yarnpkg.com/pony-cause/-/pony-cause-2.1.11.tgz#d69a20aaccdb3bdb8f74dd59e5c68d8e6772e4bd"
  integrity sha512-M7LhCsdNbNgiLYiP4WjsfLUuFmCfnjdF6jKe2R9NKl4WFN+HZPGHJZ9lnLP7f9ZnKe3U9nuWD0szirmj+migUg==

semver@^7.5.4:
  version "7.7.1"
  resolved "https://registry.yarnpkg.com/semver/-/semver-7.7.1.tgz#abd5098d82b18c6c81f6074ff2647fd3e7220c9f"
  integrity sha512-hlq8tAfn0m/61p4BVRcPzIGr6LKiMwo4VM6dGi6pt4qcRkmNzTcWq6eCEjEh+qXjkMDvPlOFFSGwQjoEa6gyMA==

uuid@^9.0.1:
  version "9.0.1"
  resolved "https://registry.yarnpkg.com/uuid/-/uuid-9.0.1.tgz#e188d4c8853cc722220392c424cd637f32293f30"
  integrity sha512-b+1eJOlsR9K8HJpow9Ok3fiWOWSIcIzXodvv0rQjVoOVNpWMpxf1wZNpt4y9h10odCNrqnYp1OBzRktckBe3sA==
